
Microsoft Visual Studio Solution File, Format Version 12.00
# Visual Studio Version 17
VisualStudioVersion = 17.10.35122.118
MinimumVisualStudioVersion = 10.0.40219.1
Project("{FAE04EC0-301F-11D3-BF4B-00C04F79EFBC}") = "Adopt-a-Paw Pet adoption center", "Adopt-a-Paw Pet adoption center\Adopt-a-Paw Pet adoption center.csproj", "{A7F48F16-9733-4BDF-88F4-1A5FCC748D7C}"
EndProject
Project("{FAE04EC0-301F-11D3-BF4B-00C04F79EFBC}") = "BLL", "BLL\BLL.csproj", "{86380BAE-4BE9-40A8-A57B-A52ECCDAD9B6}"
EndProject
Project("{FAE04EC0-301F-11D3-BF4B-00C04F79EFBC}") = "DAL", "DAL\DAL.csproj", "{98B27504-D940-46E5-BB38-43689E22345C}"
EndProject
Global
	GlobalSection(SolutionConfigurationPlatforms) = preSolution
		Debug|Any CPU = Debug|Any CPU
		Release|Any CPU = Release|Any CPU
	EndGlobalSection
	GlobalSection(ProjectConfigurationPlatforms) = postSolution
		{A7F48F16-9733-4BDF-88F4-1A5FCC748D7C}.Debug|Any CPU.ActiveCfg = Debug|Any CPU
		{A7F48F16-9733-4BDF-88F4-1A5FCC748D7C}.Debug|Any CPU.Build.0 = Debug|Any CPU
		{A7F48F16-9733-4BDF-88F4-1A5FCC748D7C}.Release|Any CPU.ActiveCfg = Release|Any CPU
		{A7F48F16-9733-4BDF-88F4-1A5FCC748D7C}.Release|Any CPU.Build.0 = Release|Any CPU
		{86380BAE-4BE9-40A8-A57B-A52ECCDAD9B6}.Debug|Any CPU.ActiveCfg = Debug|Any CPU
		{86380BAE-4BE9-40A8-A57B-A52ECCDAD9B6}.Debug|Any CPU.Build.0 = Debug|Any CPU
		{86380BAE-4BE9-40A8-A57B-A52ECCDAD9B6}.Release|Any CPU.ActiveCfg = Release|Any CPU
		{86380BAE-4BE9-40A8-A57B-A52ECCDAD9B6}.Release|Any CPU.Build.0 = Release|Any CPU
		{98B27504-D940-46E5-BB38-43689E22345C}.Debug|Any CPU.ActiveCfg = Debug|Any CPU
		{98B27504-D940-46E5-BB38-43689E22345C}.Debug|Any CPU.Build.0 = Debug|Any CPU
		{98B27504-D940-46E5-BB38-43689E22345C}.Release|Any CPU.ActiveCfg = Release|Any CPU
		{98B27504-D940-46E5-BB38-43689E22345C}.Release|Any CPU.Build.0 = Release|Any CPU
	EndGlobalSection
	GlobalSection(SolutionProperties) = preSolution
		HideSolutionNode = FALSE
	EndGlobalSection
	GlobalSection(ExtensibilityGlobals) = postSolution
		SolutionGuid = {BF45A3F1-EE91-41F0-BF89-159AC755B133}
	EndGlobalSection
EndGlobal
